
Microsoft Visual Studio Solution File, Format Version 11.00
# Visual Studio 2010
Project("{FAE04EC0-301F-11D3-BF4B-00C04F79EFBC}") = "Oculus.Platform", "Oculus.Platform.csproj", "{5f2aec14-5442-3a2c-e1d3-932f30c837eb}"
EndProject
Project("{FAE04EC0-301F-11D3-BF4B-00C04F79EFBC}") = "Assembly-CSharp", "Assembly-CSharp.csproj", "{d394a22a-0c78-ac1c-368a-c8c9a10f7fe9}"
EndProject
Project("{FAE04EC0-301F-11D3-BF4B-00C04F79EFBC}") = "Oculus.Interaction", "Oculus.Interaction.csproj", "{5cb6a67e-0192-8b8f-b3a2-41379bafe8e2}"
EndProject
Project("{FAE04EC0-301F-11D3-BF4B-00C04F79EFBC}") = "Oculus.VR", "Oculus.VR.csproj", "{a0bfb2ec-3bca-eb8d-e12e-e1f5cc35c495}"
EndProject
Project("{FAE04EC0-301F-11D3-BF4B-00C04F79EFBC}") = "VoiceSDK.Runtime", "VoiceSDK.Runtime.csproj", "{b87168d5-093e-a235-f6b0-e405abb095dd}"
EndProject
Project("{FAE04EC0-301F-11D3-BF4B-00C04F79EFBC}") = "Facebook.WitAI", "Facebook.WitAI.csproj", "{530e8c5b-c703-66f9-5463-a58b224da633}"
EndProject
Project("{FAE04EC0-301F-11D3-BF4B-00C04F79EFBC}") = "Oculus.Interaction.Samples", "Oculus.Interaction.Samples.csproj", "{f28f7b0b-3cbe-f358-44ce-3ccf195f426c}"
EndProject
Project("{FAE04EC0-301F-11D3-BF4B-00C04F79EFBC}") = "Oculus.Voice.Demo", "Oculus.Voice.Demo.csproj", "{b3544e12-2c75-8143-4923-d2858c677bca}"
EndProject
Project("{FAE04EC0-301F-11D3-BF4B-00C04F79EFBC}") = "AssistantCoreSDKRuntime", "AssistantCoreSDKRuntime.csproj", "{84311b08-d08f-08c5-acf1-4c4c72c94d07}"
EndProject
Project("{FAE04EC0-301F-11D3-BF4B-00C04F79EFBC}") = "LitJson", "LitJson.csproj", "{9b34e76a-ad09-0b7a-8982-975437863ab3}"
EndProject
Project("{FAE04EC0-301F-11D3-BF4B-00C04F79EFBC}") = "Oculus.AudioManager", "Oculus.AudioManager.csproj", "{c7eeafda-7ab4-cab0-0bf8-eb6ae07614be}"
EndProject
Project("{FAE04EC0-301F-11D3-BF4B-00C04F79EFBC}") = "Oculus.LipSync", "Oculus.LipSync.csproj", "{9b6a05b6-fccf-a3df-8648-688896ca1368}"
EndProject
Project("{FAE04EC0-301F-11D3-BF4B-00C04F79EFBC}") = "Oculus.Spatializer", "Oculus.Spatializer.csproj", "{6c0170c5-8939-7894-9bf9-bed1cd74dce3}"
EndProject
Project("{FAE04EC0-301F-11D3-BF4B-00C04F79EFBC}") = "Facebook.Wit.Conduit", "Facebook.Wit.Conduit.csproj", "{e3cadf1a-a8cb-c1d9-94ff-6751149ade0a}"
EndProject
Project("{FAE04EC0-301F-11D3-BF4B-00C04F79EFBC}") = "Facebook.Wit.TTS", "Facebook.Wit.TTS.csproj", "{9102c34d-7108-76f7-18e8-51936126c769}"
EndProject
Project("{FAE04EC0-301F-11D3-BF4B-00C04F79EFBC}") = "Facebook.Wit.TTS.Samples", "Facebook.Wit.TTS.Samples.csproj", "{1e5ac1b2-9b22-50fc-377b-2276b96567cb}"
EndProject
Project("{FAE04EC0-301F-11D3-BF4B-00C04F79EFBC}") = "Facebook.Wit.Editor", "Facebook.Wit.Editor.csproj", "{271d1139-d964-4023-1d60-fc2ae077b4d4}"
EndProject
Project("{FAE04EC0-301F-11D3-BF4B-00C04F79EFBC}") = "Facebook.Wit.Conduit.Editor", "Facebook.Wit.Conduit.Editor.csproj", "{796cbf42-2e44-5cf4-277f-c600e13ea002}"
EndProject
Project("{FAE04EC0-301F-11D3-BF4B-00C04F79EFBC}") = "Oculus.Interaction.Editor", "Oculus.Interaction.Editor.csproj", "{90fcb019-9f58-06c9-423b-7ae389270c41}"
EndProject
Project("{FAE04EC0-301F-11D3-BF4B-00C04F79EFBC}") = "Assembly-CSharp-Editor", "Assembly-CSharp-Editor.csproj", "{851cda70-1b0c-391c-d8f4-f2ff941d63d0}"
EndProject
Project("{FAE04EC0-301F-11D3-BF4B-00C04F79EFBC}") = "Facebook.Wit.TTS.Editor", "Facebook.Wit.TTS.Editor.csproj", "{bfd50b0c-0051-3983-f0f4-dd9a10a63503}"
EndProject
Project("{FAE04EC0-301F-11D3-BF4B-00C04F79EFBC}") = "Oculus.Platform.Editor", "Oculus.Platform.Editor.csproj", "{fcb18462-8988-0607-4bbf-459ad1f1ef3d}"
EndProject
Project("{FAE04EC0-301F-11D3-BF4B-00C04F79EFBC}") = "VoiceSDK.Editor", "VoiceSDK.Editor.csproj", "{29594666-55a2-6f60-6098-b655df6a22ba}"
EndProject
Project("{FAE04EC0-301F-11D3-BF4B-00C04F79EFBC}") = "Oculus.AudioManager.Audio.Editor", "Oculus.AudioManager.Audio.Editor.csproj", "{d451c7b1-4e26-2ec6-9ba3-4f0acb4dd135}"
EndProject
Project("{FAE04EC0-301F-11D3-BF4B-00C04F79EFBC}") = "Oculus.VR.Scripts.Editor", "Oculus.VR.Scripts.Editor.csproj", "{27266db0-b75c-8c75-3b0b-8b6316b0780c}"
EndProject
Project("{FAE04EC0-301F-11D3-BF4B-00C04F79EFBC}") = "Oculus.VR.Editor", "Oculus.VR.Editor.csproj", "{d593ae3d-8004-ab6e-4262-424e2c5c838c}"
EndProject
Project("{FAE04EC0-301F-11D3-BF4B-00C04F79EFBC}") = "Oculus.Spatializer.Editor", "Oculus.Spatializer.Editor.csproj", "{bbba0c50-7dd0-c9f9-bf55-48e6de3a9994}"
EndProject
Project("{FAE04EC0-301F-11D3-BF4B-00C04F79EFBC}") = "Oculus.LipSync.Editor", "Oculus.LipSync.Editor.csproj", "{ea994806-5b1b-14cf-1e85-65a7565738c3}"
EndProject
Project("{FAE04EC0-301F-11D3-BF4B-00C04F79EFBC}") = "Oculus.AudioManager.Utils.Editor", "Oculus.AudioManager.Utils.Editor.csproj", "{c2f73540-996c-ce30-fd30-f02ca96f6583}"
EndProject
Project("{FAE04EC0-301F-11D3-BF4B-00C04F79EFBC}") = "Oculus.Interaction.Samples.Editor", "Oculus.Interaction.Samples.Editor.csproj", "{e228fc49-68bb-fc13-f987-5af9c29adf37}"
EndProject
Project("{FAE04EC0-301F-11D3-BF4B-00C04F79EFBC}") = "Oculus.Interaction.InterfaceSupport", "Oculus.Interaction.InterfaceSupport.csproj", "{65b72097-c59c-09a1-7720-654ed8fc7639}"
EndProject
Project("{FAE04EC0-301F-11D3-BF4B-00C04F79EFBC}") = "AssistantCoreSDKEditor", "AssistantCoreSDKEditor.csproj", "{ddd816a5-a1ca-4ebf-d1bc-333fac001764}"
EndProject
Global
	GlobalSection(SolutionConfigurationPlatforms) = preSolution
		Debug|Any CPU = Debug|Any CPU
	EndGlobalSection
	GlobalSection(ProjectConfigurationPlatforms) = postSolution
		{5f2aec14-5442-3a2c-e1d3-932f30c837eb}.Debug|Any CPU.ActiveCfg = Debug|Any CPU
		{5f2aec14-5442-3a2c-e1d3-932f30c837eb}.Debug|Any CPU.Build.0 = Debug|Any CPU
		{d394a22a-0c78-ac1c-368a-c8c9a10f7fe9}.Debug|Any CPU.ActiveCfg = Debug|Any CPU
		{d394a22a-0c78-ac1c-368a-c8c9a10f7fe9}.Debug|Any CPU.Build.0 = Debug|Any CPU
		{5cb6a67e-0192-8b8f-b3a2-41379bafe8e2}.Debug|Any CPU.ActiveCfg = Debug|Any CPU
		{5cb6a67e-0192-8b8f-b3a2-41379bafe8e2}.Debug|Any CPU.Build.0 = Debug|Any CPU
		{a0bfb2ec-3bca-eb8d-e12e-e1f5cc35c495}.Debug|Any CPU.ActiveCfg = Debug|Any CPU
		{a0bfb2ec-3bca-eb8d-e12e-e1f5cc35c495}.Debug|Any CPU.Build.0 = Debug|Any CPU
		{b87168d5-093e-a235-f6b0-e405abb095dd}.Debug|Any CPU.ActiveCfg = Debug|Any CPU
		{b87168d5-093e-a235-f6b0-e405abb095dd}.Debug|Any CPU.Build.0 = Debug|Any CPU
		{530e8c5b-c703-66f9-5463-a58b224da633}.Debug|Any CPU.ActiveCfg = Debug|Any CPU
		{530e8c5b-c703-66f9-5463-a58b224da633}.Debug|Any CPU.Build.0 = Debug|Any CPU
		{f28f7b0b-3cbe-f358-44ce-3ccf195f426c}.Debug|Any CPU.ActiveCfg = Debug|Any CPU
		{f28f7b0b-3cbe-f358-44ce-3ccf195f426c}.Debug|Any CPU.Build.0 = Debug|Any CPU
		{b3544e12-2c75-8143-4923-d2858c677bca}.Debug|Any CPU.ActiveCfg = Debug|Any CPU
		{b3544e12-2c75-8143-4923-d2858c677bca}.Debug|Any CPU.Build.0 = Debug|Any CPU
		{84311b08-d08f-08c5-acf1-4c4c72c94d07}.Debug|Any CPU.ActiveCfg = Debug|Any CPU
		{84311b08-d08f-08c5-acf1-4c4c72c94d07}.Debug|Any CPU.Build.0 = Debug|Any CPU
		{9b34e76a-ad09-0b7a-8982-975437863ab3}.Debug|Any CPU.ActiveCfg = Debug|Any CPU
		{9b34e76a-ad09-0b7a-8982-975437863ab3}.Debug|Any CPU.Build.0 = Debug|Any CPU
		{c7eeafda-7ab4-cab0-0bf8-eb6ae07614be}.Debug|Any CPU.ActiveCfg = Debug|Any CPU
		{c7eeafda-7ab4-cab0-0bf8-eb6ae07614be}.Debug|Any CPU.Build.0 = Debug|Any CPU
		{9b6a05b6-fccf-a3df-8648-688896ca1368}.Debug|Any CPU.ActiveCfg = Debug|Any CPU
		{9b6a05b6-fccf-a3df-8648-688896ca1368}.Debug|Any CPU.Build.0 = Debug|Any CPU
		{6c0170c5-8939-7894-9bf9-bed1cd74dce3}.Debug|Any CPU.ActiveCfg = Debug|Any CPU
		{6c0170c5-8939-7894-9bf9-bed1cd74dce3}.Debug|Any CPU.Build.0 = Debug|Any CPU
		{e3cadf1a-a8cb-c1d9-94ff-6751149ade0a}.Debug|Any CPU.ActiveCfg = Debug|Any CPU
		{e3cadf1a-a8cb-c1d9-94ff-6751149ade0a}.Debug|Any CPU.Build.0 = Debug|Any CPU
		{9102c34d-7108-76f7-18e8-51936126c769}.Debug|Any CPU.ActiveCfg = Debug|Any CPU
		{9102c34d-7108-76f7-18e8-51936126c769}.Debug|Any CPU.Build.0 = Debug|Any CPU
		{1e5ac1b2-9b22-50fc-377b-2276b96567cb}.Debug|Any CPU.ActiveCfg = Debug|Any CPU
		{1e5ac1b2-9b22-50fc-377b-2276b96567cb}.Debug|Any CPU.Build.0 = Debug|Any CPU
		{271d1139-d964-4023-1d60-fc2ae077b4d4}.Debug|Any CPU.ActiveCfg = Debug|Any CPU
		{271d1139-d964-4023-1d60-fc2ae077b4d4}.Debug|Any CPU.Build.0 = Debug|Any CPU
		{796cbf42-2e44-5cf4-277f-c600e13ea002}.Debug|Any CPU.ActiveCfg = Debug|Any CPU
		{796cbf42-2e44-5cf4-277f-c600e13ea002}.Debug|Any CPU.Build.0 = Debug|Any CPU
		{90fcb019-9f58-06c9-423b-7ae389270c41}.Debug|Any CPU.ActiveCfg = Debug|Any CPU
		{90fcb019-9f58-06c9-423b-7ae389270c41}.Debug|Any CPU.Build.0 = Debug|Any CPU
		{851cda70-1b0c-391c-d8f4-f2ff941d63d0}.Debug|Any CPU.ActiveCfg = Debug|Any CPU
		{851cda70-1b0c-391c-d8f4-f2ff941d63d0}.Debug|Any CPU.Build.0 = Debug|Any CPU
		{bfd50b0c-0051-3983-f0f4-dd9a10a63503}.Debug|Any CPU.ActiveCfg = Debug|Any CPU
		{bfd50b0c-0051-3983-f0f4-dd9a10a63503}.Debug|Any CPU.Build.0 = Debug|Any CPU
		{fcb18462-8988-0607-4bbf-459ad1f1ef3d}.Debug|Any CPU.ActiveCfg = Debug|Any CPU
		{fcb18462-8988-0607-4bbf-459ad1f1ef3d}.Debug|Any CPU.Build.0 = Debug|Any CPU
		{29594666-55a2-6f60-6098-b655df6a22ba}.Debug|Any CPU.ActiveCfg = Debug|Any CPU
		{29594666-55a2-6f60-6098-b655df6a22ba}.Debug|Any CPU.Build.0 = Debug|Any CPU
		{d451c7b1-4e26-2ec6-9ba3-4f0acb4dd135}.Debug|Any CPU.ActiveCfg = Debug|Any CPU
		{d451c7b1-4e26-2ec6-9ba3-4f0acb4dd135}.Debug|Any CPU.Build.0 = Debug|Any CPU
		{27266db0-b75c-8c75-3b0b-8b6316b0780c}.Debug|Any CPU.ActiveCfg = Debug|Any CPU
		{27266db0-b75c-8c75-3b0b-8b6316b0780c}.Debug|Any CPU.Build.0 = Debug|Any CPU
		{d593ae3d-8004-ab6e-4262-424e2c5c838c}.Debug|Any CPU.ActiveCfg = Debug|Any CPU
		{d593ae3d-8004-ab6e-4262-424e2c5c838c}.Debug|Any CPU.Build.0 = Debug|Any CPU
		{bbba0c50-7dd0-c9f9-bf55-48e6de3a9994}.Debug|Any CPU.ActiveCfg = Debug|Any CPU
		{bbba0c50-7dd0-c9f9-bf55-48e6de3a9994}.Debug|Any CPU.Build.0 = Debug|Any CPU
		{ea994806-5b1b-14cf-1e85-65a7565738c3}.Debug|Any CPU.ActiveCfg = Debug|Any CPU
		{ea994806-5b1b-14cf-1e85-65a7565738c3}.Debug|Any CPU.Build.0 = Debug|Any CPU
		{c2f73540-996c-ce30-fd30-f02ca96f6583}.Debug|Any CPU.ActiveCfg = Debug|Any CPU
		{c2f73540-996c-ce30-fd30-f02ca96f6583}.Debug|Any CPU.Build.0 = Debug|Any CPU
		{e228fc49-68bb-fc13-f987-5af9c29adf37}.Debug|Any CPU.ActiveCfg = Debug|Any CPU
		{e228fc49-68bb-fc13-f987-5af9c29adf37}.Debug|Any CPU.Build.0 = Debug|Any CPU
		{65b72097-c59c-09a1-7720-654ed8fc7639}.Debug|Any CPU.ActiveCfg = Debug|Any CPU
		{65b72097-c59c-09a1-7720-654ed8fc7639}.Debug|Any CPU.Build.0 = Debug|Any CPU
		{ddd816a5-a1ca-4ebf-d1bc-333fac001764}.Debug|Any CPU.ActiveCfg = Debug|Any CPU
		{ddd816a5-a1ca-4ebf-d1bc-333fac001764}.Debug|Any CPU.Build.0 = Debug|Any CPU
	EndGlobalSection
	GlobalSection(SolutionProperties) = preSolution
		HideSolutionNode = FALSE
	EndGlobalSection
EndGlobal
